
Microsoft Visual Studio Solution File, Format Version 12.00
# Visual Studio Version 17
VisualStudioVersion = 17.8.34322.80
MinimumVisualStudioVersion = 10.0.40219.1
Project("{9A19103F-16F7-4668-BE54-9A1E7A4F7556}") = "DataAccess", "DataAccess\DataAccess.csproj", "{5076EE36-9BBB-443A-9D27-7756ECF04E59}"
EndProject
Project("{9A19103F-16F7-4668-BE54-9A1E7A4F7556}") = "Business", "Business\Business.csproj", "{A671C334-E393-44A5-BE90-70826CBD1D86}"
EndProject
Project("{9A19103F-16F7-4668-BE54-9A1E7A4F7556}") = "Entities", "Entities\Entities.csproj", "{739DAC39-2794-4A4D-AC45-9798D802FAA7}"
EndProject
Project("{9A19103F-16F7-4668-BE54-9A1E7A4F7556}") = "ConsoleUI", "ConsoleUI\ConsoleUI.csproj", "{26BCF995-4AE8-4A17-B84B-3BD1B25879DE}"
EndProject
Project("{FAE04EC0-301F-11D3-BF4B-00C04F79EFBC}") = "Core", "Core\Core.csproj", "{557EEDB3-000C-4C3C-9728-E56F4A8317D6}"
EndProject
Global
	GlobalSection(SolutionConfigurationPlatforms) = preSolution
		Debug|Any CPU = Debug|Any CPU
		Release|Any CPU = Release|Any CPU
	EndGlobalSection
	GlobalSection(ProjectConfigurationPlatforms) = postSolution
		{5076EE36-9BBB-443A-9D27-7756ECF04E59}.Debug|Any CPU.ActiveCfg = Debug|Any CPU
		{5076EE36-9BBB-443A-9D27-7756ECF04E59}.Debug|Any CPU.Build.0 = Debug|Any CPU
		{5076EE36-9BBB-443A-9D27-7756ECF04E59}.Release|Any CPU.ActiveCfg = Release|Any CPU
		{5076EE36-9BBB-443A-9D27-7756ECF04E59}.Release|Any CPU.Build.0 = Release|Any CPU
		{A671C334-E393-44A5-BE90-70826CBD1D86}.Debug|Any CPU.ActiveCfg = Debug|Any CPU
		{A671C334-E393-44A5-BE90-70826CBD1D86}.Debug|Any CPU.Build.0 = Debug|Any CPU
		{A671C334-E393-44A5-BE90-70826CBD1D86}.Release|Any CPU.ActiveCfg = Release|Any CPU
		{A671C334-E393-44A5-BE90-70826CBD1D86}.Release|Any CPU.Build.0 = Release|Any CPU
		{739DAC39-2794-4A4D-AC45-9798D802FAA7}.Debug|Any CPU.ActiveCfg = Debug|Any CPU
		{739DAC39-2794-4A4D-AC45-9798D802FAA7}.Debug|Any CPU.Build.0 = Debug|Any CPU
		{739DAC39-2794-4A4D-AC45-9798D802FAA7}.Release|Any CPU.ActiveCfg = Release|Any CPU
		{739DAC39-2794-4A4D-AC45-9798D802FAA7}.Release|Any CPU.Build.0 = Release|Any CPU
		{26BCF995-4AE8-4A17-B84B-3BD1B25879DE}.Debug|Any CPU.ActiveCfg = Debug|Any CPU
		{26BCF995-4AE8-4A17-B84B-3BD1B25879DE}.Debug|Any CPU.Build.0 = Debug|Any CPU
		{26BCF995-4AE8-4A17-B84B-3BD1B25879DE}.Release|Any CPU.ActiveCfg = Release|Any CPU
		{26BCF995-4AE8-4A17-B84B-3BD1B25879DE}.Release|Any CPU.Build.0 = Release|Any CPU
		{557EEDB3-000C-4C3C-9728-E56F4A8317D6}.Debug|Any CPU.ActiveCfg = Debug|Any CPU
		{557EEDB3-000C-4C3C-9728-E56F4A8317D6}.Debug|Any CPU.Build.0 = Debug|Any CPU
		{557EEDB3-000C-4C3C-9728-E56F4A8317D6}.Release|Any CPU.ActiveCfg = Release|Any CPU
		{557EEDB3-000C-4C3C-9728-E56F4A8317D6}.Release|Any CPU.Build.0 = Release|Any CPU
	EndGlobalSection
	GlobalSection(SolutionProperties) = preSolution
		HideSolutionNode = FALSE
	EndGlobalSection
	GlobalSection(ExtensibilityGlobals) = postSolution
		SolutionGuid = {A554384F-4FA2-47C3-B636-D6BD1B822214}
	EndGlobalSection
EndGlobal
